
Microsoft Visual Studio Solution File, Format Version 12.00
# Visual Studio Version 17
VisualStudioVersion = 17.5.002.0
MinimumVisualStudioVersion = 10.0.40219.1
Project("{9A19103F-16F7-4668-BE54-9A1E7A4F7556}") = "ISchool", "ISchool.csproj", "{D5A04913-B9AC-4D08-8844-CBF9E56308DB}"
EndProject
Global
	GlobalSection(SolutionConfigurationPlatforms) = preSolution
		Debug|Any CPU = Debug|Any CPU
		Release|Any CPU = Release|Any CPU
	EndGlobalSection
	GlobalSection(ProjectConfigurationPlatforms) = postSolution
		{D5A04913-B9AC-4D08-8844-CBF9E56308DB}.Debug|Any CPU.ActiveCfg = Debug|Any CPU
		{D5A04913-B9AC-4D08-8844-CBF9E56308DB}.Debug|Any CPU.Build.0 = Debug|Any CPU
		{D5A04913-B9AC-4D08-8844-CBF9E56308DB}.Release|Any CPU.ActiveCfg = Release|Any CPU
		{D5A04913-B9AC-4D08-8844-CBF9E56308DB}.Release|Any CPU.Build.0 = Release|Any CPU
	EndGlobalSection
	GlobalSection(SolutionProperties) = preSolution
		HideSolutionNode = FALSE
	EndGlobalSection
	GlobalSection(ExtensibilityGlobals) = postSolution
		SolutionGuid = {4285E591-19AF-4CCD-9332-12D5B026AB60}
	EndGlobalSection
EndGlobal
